# This file is automatically @generated by Poetry 1.7.1 and should not be changed by hand.

[[package]]
name = "argcomplete"
version = "3.2.2"
description = "Bash tab completion for argparse"
optional = false
python-versions = ">=3.8"
files = [
    {file = "argcomplete-3.2.2-py3-none-any.whl", hash = "sha256:e44f4e7985883ab3e73a103ef0acd27299dbfe2dfed00142c35d4ddd3005901d"},
    {file = "argcomplete-3.2.2.tar.gz", hash = "sha256:f3e49e8ea59b4026ee29548e24488af46e30c9de57d48638e24f54a1ea1000a2"},
]

[package.extras]
test = ["coverage", "mypy", "pexpect", "ruff", "wheel"]

[metadata]
lock-version = "2.0"
python-versions = "^3.12"
content-hash = "bfac9c8213658cbf190805cc000052ec8913077e8639a273c6d85a0669d56c87"
